
Microsoft Visual Studio Solution File, Format Version 12.00
# Visual Studio Version 17
VisualStudioVersion = 17.8.34525.116
MinimumVisualStudioVersion = 10.0.40219.1
Project("{9A19103F-16F7-4668-BE54-9A1E7A4F7556}") = "Practical", "Practical.csproj", "{C86B75DA-9AB3-4066-80A2-88BF041D439C}"
EndProject
Global
	GlobalSection(SolutionConfigurationPlatforms) = preSolution
		Debug|Any CPU = Debug|Any CPU
		Release|Any CPU = Release|Any CPU
	EndGlobalSection
	GlobalSection(ProjectConfigurationPlatforms) = postSolution
		{C86B75DA-9AB3-4066-80A2-88BF041D439C}.Debug|Any CPU.ActiveCfg = Debug|Any CPU
		{C86B75DA-9AB3-4066-80A2-88BF041D439C}.Debug|Any CPU.Build.0 = Debug|Any CPU
		{C86B75DA-9AB3-4066-80A2-88BF041D439C}.Release|Any CPU.ActiveCfg = Release|Any CPU
		{C86B75DA-9AB3-4066-80A2-88BF041D439C}.Release|Any CPU.Build.0 = Release|Any CPU
	EndGlobalSection
	GlobalSection(SolutionProperties) = preSolution
		HideSolutionNode = FALSE
	EndGlobalSection
	GlobalSection(ExtensibilityGlobals) = postSolution
		SolutionGuid = {6A14F7FA-86AB-4E2E-8BF1-00F9EBC4BBD4}
	EndGlobalSection
EndGlobal
